
Microsoft Visual Studio Solution File, Format Version 12.00
# Visual Studio 15
VisualStudioVersion = 15.0.28010.2046
MinimumVisualStudioVersion = 10.0.40219.1
Project("{FAE04EC0-301F-11D3-BF4B-00C04F79EFBC}") = "HelloWorld", "HelloWorld\HelloWorld.csproj", "{0D78EB9A-C253-458C-96E8-751A7064C7A7}"
EndProject
Project("{FAE04EC0-301F-11D3-BF4B-00C04F79EFBC}") = "ConsoleApp1(Type Casting)", "TypeCastExample1\ConsoleApp1(Type Casting).csproj", "{BD51AF16-C5FE-4FC8-8895-CBFC14627F7D}"
EndProject
Project("{FAE04EC0-301F-11D3-BF4B-00C04F79EFBC}") = "ConsoleApp2(constant)", "ConsoleApp2\ConsoleApp2(constant).csproj", "{D84AA468-41D0-4960-B8B6-31F03F149EF5}"
EndProject
Project("{FAE04EC0-301F-11D3-BF4B-00C04F79EFBC}") = "ConsoleApp3", "ConsoleApp3\ConsoleApp3.csproj", "{DC6FE88F-A2FA-4F66-9397-58E1C04DD0D7}"
EndProject
Project("{FAE04EC0-301F-11D3-BF4B-00C04F79EFBC}") = "ConsoleApp4", "ConsoleApp4\ConsoleApp4.csproj", "{A0167470-7D21-4D70-B593-766E6E867C1A}"
EndProject
Project("{FAE04EC0-301F-11D3-BF4B-00C04F79EFBC}") = "ConsoleApp5", "ConsoleApp5\ConsoleApp5.csproj", "{7C7CB4EA-4163-492E-A802-98B8AAFB7BC8}"
EndProject
Project("{FAE04EC0-301F-11D3-BF4B-00C04F79EFBC}") = "ConsoleApp6", "ConsoleApp5-1\ConsoleApp6.csproj", "{527BCB91-E1FE-4563-BAD9-A370BB99B628}"
EndProject
Project("{FAE04EC0-301F-11D3-BF4B-00C04F79EFBC}") = "ConsoleApp7", "ConsoleApp7\ConsoleApp7.csproj", "{8005FE8E-B432-4C3F-AD3E-4AA74540D7BC}"
EndProject
Project("{FAE04EC0-301F-11D3-BF4B-00C04F79EFBC}") = "ConsoleApp8", "ConsoleApp8\ConsoleApp8.csproj", "{2CFF254E-2739-46AD-BBBB-AD640876B07B}"
EndProject
Project("{FAE04EC0-301F-11D3-BF4B-00C04F79EFBC}") = "ConsoleApp7-1", "ConsoleApp7-1\ConsoleApp7-1.csproj", "{4035B012-3113-468F-989B-9EEBD3FC7C75}"
EndProject
Project("{FAE04EC0-301F-11D3-BF4B-00C04F79EFBC}") = "ConsoleApp9", "ConsoleApp9\ConsoleApp9.csproj", "{4EA449CF-84DD-47EF-AF76-ADC2B89AEB26}"
EndProject
Project("{FAE04EC0-301F-11D3-BF4B-00C04F79EFBC}") = "ConsoleApp10", "ConsoleApp10\ConsoleApp10.csproj", "{A4E8817B-3FB5-456F-9261-C3BCCD57F2AD}"
EndProject
Project("{FAE04EC0-301F-11D3-BF4B-00C04F79EFBC}") = "ConsoleApp11", "ConsoleApp11\ConsoleApp11.csproj", "{8D0D0773-FEA3-4B20-99E6-F0004B51ADFF}"
EndProject
Project("{FAE04EC0-301F-11D3-BF4B-00C04F79EFBC}") = "과제", "과제\과제.csproj", "{C10F77BC-C915-47FB-B346-CAA8310BF962}"
EndProject
Global
	GlobalSection(SolutionConfigurationPlatforms) = preSolution
		Debug|Any CPU = Debug|Any CPU
		Release|Any CPU = Release|Any CPU
	EndGlobalSection
	GlobalSection(ProjectConfigurationPlatforms) = postSolution
		{0D78EB9A-C253-458C-96E8-751A7064C7A7}.Debug|Any CPU.ActiveCfg = Debug|Any CPU
		{0D78EB9A-C253-458C-96E8-751A7064C7A7}.Debug|Any CPU.Build.0 = Debug|Any CPU
		{0D78EB9A-C253-458C-96E8-751A7064C7A7}.Release|Any CPU.ActiveCfg = Release|Any CPU
		{0D78EB9A-C253-458C-96E8-751A7064C7A7}.Release|Any CPU.Build.0 = Release|Any CPU
		{BD51AF16-C5FE-4FC8-8895-CBFC14627F7D}.Debug|Any CPU.ActiveCfg = Debug|Any CPU
		{BD51AF16-C5FE-4FC8-8895-CBFC14627F7D}.Debug|Any CPU.Build.0 = Debug|Any CPU
		{BD51AF16-C5FE-4FC8-8895-CBFC14627F7D}.Release|Any CPU.ActiveCfg = Release|Any CPU
		{BD51AF16-C5FE-4FC8-8895-CBFC14627F7D}.Release|Any CPU.Build.0 = Release|Any CPU
		{D84AA468-41D0-4960-B8B6-31F03F149EF5}.Debug|Any CPU.ActiveCfg = Debug|Any CPU
		{D84AA468-41D0-4960-B8B6-31F03F149EF5}.Debug|Any CPU.Build.0 = Debug|Any CPU
		{D84AA468-41D0-4960-B8B6-31F03F149EF5}.Release|Any CPU.ActiveCfg = Release|Any CPU
		{D84AA468-41D0-4960-B8B6-31F03F149EF5}.Release|Any CPU.Build.0 = Release|Any CPU
		{DC6FE88F-A2FA-4F66-9397-58E1C04DD0D7}.Debug|Any CPU.ActiveCfg = Debug|Any CPU
		{DC6FE88F-A2FA-4F66-9397-58E1C04DD0D7}.Debug|Any CPU.Build.0 = Debug|Any CPU
		{DC6FE88F-A2FA-4F66-9397-58E1C04DD0D7}.Release|Any CPU.ActiveCfg = Release|Any CPU
		{DC6FE88F-A2FA-4F66-9397-58E1C04DD0D7}.Release|Any CPU.Build.0 = Release|Any CPU
		{A0167470-7D21-4D70-B593-766E6E867C1A}.Debug|Any CPU.ActiveCfg = Debug|Any CPU
		{A0167470-7D21-4D70-B593-766E6E867C1A}.Debug|Any CPU.Build.0 = Debug|Any CPU
		{A0167470-7D21-4D70-B593-766E6E867C1A}.Release|Any CPU.ActiveCfg = Release|Any CPU
		{A0167470-7D21-4D70-B593-766E6E867C1A}.Release|Any CPU.Build.0 = Release|Any CPU
		{7C7CB4EA-4163-492E-A802-98B8AAFB7BC8}.Debug|Any CPU.ActiveCfg = Debug|Any CPU
		{7C7CB4EA-4163-492E-A802-98B8AAFB7BC8}.Debug|Any CPU.Build.0 = Debug|Any CPU
		{7C7CB4EA-4163-492E-A802-98B8AAFB7BC8}.Release|Any CPU.ActiveCfg = Release|Any CPU
		{7C7CB4EA-4163-492E-A802-98B8AAFB7BC8}.Release|Any CPU.Build.0 = Release|Any CPU
		{527BCB91-E1FE-4563-BAD9-A370BB99B628}.Debug|Any CPU.ActiveCfg = Debug|Any CPU
		{527BCB91-E1FE-4563-BAD9-A370BB99B628}.Debug|Any CPU.Build.0 = Debug|Any CPU
		{527BCB91-E1FE-4563-BAD9-A370BB99B628}.Release|Any CPU.ActiveCfg = Release|Any CPU
		{527BCB91-E1FE-4563-BAD9-A370BB99B628}.Release|Any CPU.Build.0 = Release|Any CPU
		{8005FE8E-B432-4C3F-AD3E-4AA74540D7BC}.Debug|Any CPU.ActiveCfg = Debug|Any CPU
		{8005FE8E-B432-4C3F-AD3E-4AA74540D7BC}.Debug|Any CPU.Build.0 = Debug|Any CPU
		{8005FE8E-B432-4C3F-AD3E-4AA74540D7BC}.Release|Any CPU.ActiveCfg = Release|Any CPU
		{8005FE8E-B432-4C3F-AD3E-4AA74540D7BC}.Release|Any CPU.Build.0 = Release|Any CPU
		{2CFF254E-2739-46AD-BBBB-AD640876B07B}.Debug|Any CPU.ActiveCfg = Debug|Any CPU
		{2CFF254E-2739-46AD-BBBB-AD640876B07B}.Debug|Any CPU.Build.0 = Debug|Any CPU
		{2CFF254E-2739-46AD-BBBB-AD640876B07B}.Release|Any CPU.ActiveCfg = Release|Any CPU
		{2CFF254E-2739-46AD-BBBB-AD640876B07B}.Release|Any CPU.Build.0 = Release|Any CPU
		{4035B012-3113-468F-989B-9EEBD3FC7C75}.Debug|Any CPU.ActiveCfg = Debug|Any CPU
		{4035B012-3113-468F-989B-9EEBD3FC7C75}.Debug|Any CPU.Build.0 = Debug|Any CPU
		{4035B012-3113-468F-989B-9EEBD3FC7C75}.Release|Any CPU.ActiveCfg = Release|Any CPU
		{4035B012-3113-468F-989B-9EEBD3FC7C75}.Release|Any CPU.Build.0 = Release|Any CPU
		{4EA449CF-84DD-47EF-AF76-ADC2B89AEB26}.Debug|Any CPU.ActiveCfg = Debug|Any CPU
		{4EA449CF-84DD-47EF-AF76-ADC2B89AEB26}.Debug|Any CPU.Build.0 = Debug|Any CPU
		{4EA449CF-84DD-47EF-AF76-ADC2B89AEB26}.Release|Any CPU.ActiveCfg = Release|Any CPU
		{4EA449CF-84DD-47EF-AF76-ADC2B89AEB26}.Release|Any CPU.Build.0 = Release|Any CPU
		{A4E8817B-3FB5-456F-9261-C3BCCD57F2AD}.Debug|Any CPU.ActiveCfg = Debug|Any CPU
		{A4E8817B-3FB5-456F-9261-C3BCCD57F2AD}.Debug|Any CPU.Build.0 = Debug|Any CPU
		{A4E8817B-3FB5-456F-9261-C3BCCD57F2AD}.Release|Any CPU.ActiveCfg = Release|Any CPU
		{A4E8817B-3FB5-456F-9261-C3BCCD57F2AD}.Release|Any CPU.Build.0 = Release|Any CPU
		{8D0D0773-FEA3-4B20-99E6-F0004B51ADFF}.Debug|Any CPU.ActiveCfg = Debug|Any CPU
		{8D0D0773-FEA3-4B20-99E6-F0004B51ADFF}.Debug|Any CPU.Build.0 = Debug|Any CPU
		{8D0D0773-FEA3-4B20-99E6-F0004B51ADFF}.Release|Any CPU.ActiveCfg = Release|Any CPU
		{8D0D0773-FEA3-4B20-99E6-F0004B51ADFF}.Release|Any CPU.Build.0 = Release|Any CPU
		{C10F77BC-C915-47FB-B346-CAA8310BF962}.Debug|Any CPU.ActiveCfg = Debug|Any CPU
		{C10F77BC-C915-47FB-B346-CAA8310BF962}.Debug|Any CPU.Build.0 = Debug|Any CPU
		{C10F77BC-C915-47FB-B346-CAA8310BF962}.Release|Any CPU.ActiveCfg = Release|Any CPU
		{C10F77BC-C915-47FB-B346-CAA8310BF962}.Release|Any CPU.Build.0 = Release|Any CPU
	EndGlobalSection
	GlobalSection(SolutionProperties) = preSolution
		HideSolutionNode = FALSE
	EndGlobalSection
	GlobalSection(ExtensibilityGlobals) = postSolution
		SolutionGuid = {30C70199-B622-4E65-8C64-66D48B0E7CC2}
	EndGlobalSection
EndGlobal
